
Microsoft Visual Studio Solution File, Format Version 12.00
# Visual Studio 15
VisualStudioVersion = 15.0.28307.489
MinimumVisualStudioVersion = 10.0.40219.1
Project("{DA7A21FA-8162-4350-AD77-A8D1B671F3ED}") = "RProject1", "RProject1\RProject1.rxproj", "{C042192B-4789-4571-B89E-F367E8516D03}"
EndProject
Global
	GlobalSection(SolutionConfigurationPlatforms) = preSolution
		Debug|Any CPU = Debug|Any CPU
		Release|Any CPU = Release|Any CPU
	EndGlobalSection
	GlobalSection(ProjectConfigurationPlatforms) = postSolution
		{C042192B-4789-4571-B89E-F367E8516D03}.Debug|Any CPU.ActiveCfg = Debug|Any CPU
		{C042192B-4789-4571-B89E-F367E8516D03}.Debug|Any CPU.Build.0 = Debug|Any CPU
		{C042192B-4789-4571-B89E-F367E8516D03}.Release|Any CPU.ActiveCfg = Release|Any CPU
		{C042192B-4789-4571-B89E-F367E8516D03}.Release|Any CPU.Build.0 = Release|Any CPU
	EndGlobalSection
	GlobalSection(SolutionProperties) = preSolution
		HideSolutionNode = FALSE
	EndGlobalSection
	GlobalSection(ExtensibilityGlobals) = postSolution
		SolutionGuid = {DA9798D6-6FEE-4D1B-8E41-A438AAA98393}
	EndGlobalSection
EndGlobal
